// !$*UTF8*$!
{
	archiveVersion = 1;
	classes = {
	};
	objectVersion = 50;
	objects = {

/* Begin PBXBuildFile section */
		1F1E5BD32443A49A00F65C6B /* AppDelegate.swift in Sources */ = {isa = PBXBuildFile; fileRef = 1F1E5BD22443A49A00F65C6B /* AppDelegate.swift */; };
		1F1E5BD52443A49A00F65C6B /* SceneDelegate.swift in Sources */ = {isa = PBXBuildFile; fileRef = 1F1E5BD42443A49A00F65C6B /* SceneDelegate.swift */; };
		1F1E5BD72443A49A00F65C6B /* ViewController.swift in Sources */ = {isa = PBXBuildFile; fileRef = 1F1E5BD62443A49A00F65C6B /* ViewController.swift */; };
		1F1E5BDA2443A49A00F65C6B /* Main.storyboard in Resources */ = {isa = PBXBuildFile; fileRef = 1F1E5BD82443A49A00F65C6B /* Main.storyboard */; };
		1F1E5BDC2443A49B00F65C6B /* Assets.xcassets in Resources */ = {isa = PBXBuildFile; fileRef = 1F1E5BDB2443A49B00F65C6B /* Assets.xcassets */; };
		1F1E5BDF2443A49B00F65C6B /* LaunchScreen.storyboard in Resources */ = {isa = PBXBuildFile; fileRef = 1F1E5BDD2443A49B00F65C6B /* LaunchScreen.storyboard */; };
		1F1E5BEA2443A49B00F65C6B /* calculatorTests.swift in Sources */ = {isa = PBXBuildFile; fileRef = 1F1E5BE92443A49B00F65C6B /* calculatorTests.swift */; };
		1F1E5BF52443A49B00F65C6B /* calculatorUITests.swift in Sources */ = {isa = PBXBuildFile; fileRef = 1F1E5BF42443A49B00F65C6B /* calculatorUITests.swift */; };
/* End PBXBuildFile section */

/* Begin PBXContainerItemProxy section */
		1F1E5BE62443A49B00F65C6B /* PBXContainerItemProxy */ = {
			isa = PBXContainerItemProxy;
			containerPortal = 1F1E5BC72443A49A00F65C6B /* Project object */;
			proxyType = 1;
			remoteGlobalIDString = 1F1E5BCE2443A49A00F65C6B;
			remoteInfo = calculator;
		};
		1F1E5BF12443A49B00F65C6B /* PBXContainerItemProxy */ = {
			isa = PBXContainerItemProxy;
			containerPortal = 1F1E5BC72443A49A00F65C6B /* Project object */;
			proxyType = 1;
			remoteGlobalIDString = 1F1E5BCE2443A49A00F65C6B;
			remoteInfo = calculator;
		};
/* End PBXContainerItemProxy section */

/* Begin PBXFileReference section */
		1F1E5BCF2443A49A00F65C6B /* Calculator.app */ = {isa = PBXFileReference; explicitFileType = wrapper.application; includeInIndex = 0; path = Calculator.app; sourceTree = BUILT_PRODUCTS_DIR; };
		1F1E5BD22443A49A00F65C6B /* AppDelegate.swift */ = {isa = PBXFileReference; lastKnownFileType = sourcecode.swift; path = AppDelegate.swift; sourceTree = "<group>"; };
		1F1E5BD42443A49A00F65C6B /* SceneDelegate.swift */ = {isa = PBXFileReference; lastKnownFileType = sourcecode.swift; path = SceneDelegate.swift; sourceTree = "<group>"; };
		1F1E5BD62443A49A00F65C6B /* ViewController.swift */ = {isa = PBXFileReference; lastKnownFileType = sourcecode.swift; path = ViewController.swift; sourceTree = "<group>"; };
		1F1E5BD92443A49A00F65C6B /* Base */ = {isa = PBXFileReference; lastKnownFileType = file.storyboard; name = Base; path = Base.lproj/Main.storyboard; sourceTree = "<group>"; };
		1F1E5BDB2443A49B00F65C6B /* Assets.xcassets */ = {isa = PBXFileReference; lastKnownFileType = folder.assetcatalog; path = Assets.xcassets; sourceTree = "<group>"; };
		1F1E5BDE2443A49B00F65C6B /* Base */ = {isa = PBXFileReference; lastKnownFileType = file.storyboard; name = Base; path = Base.lproj/LaunchScreen.storyboard; sourceTree = "<group>"; };
		1F1E5BE02443A49B00F65C6B /* Info.plist */ = {isa = PBXFileReference; lastKnownFileType = text.plist.xml; path = Info.plist; sourceTree = "<group>"; };
		1F1E5BE52443A49B00F65C6B /* calculatorTests.xctest */ = {isa = PBXFileReference; explicitFileType = wrapper.cfbundle; includeInIndex = 0; path = calculatorTests.xctest; sourceTree = BUILT_PRODUCTS_DIR; };
		1F1E5BE92443A49B00F65C6B /* calculatorTests.swift */ = {isa = PBXFileReference; lastKnownFileType = sourcecode.swift; path = calculatorTests.swift; sourceTree = "<group>"; };
		1F1E5BEB2443A49B00F65C6B /* Info.plist */ = {isa = PBXFileReference; lastKnownFileType = text.plist.xml; path = Info.plist; sourceTree = "<group>"; };
		1F1E5BF02443A49B00F65C6B /* calculatorUITests.xctest */ = {isa = PBXFileReference; explicitFileType = wrapper.cfbundle; includeInIndex = 0; path = calculatorUITests.xctest; sourceTree = BUILT_PRODUCTS_DIR; };
		1F1E5BF42443A49B00F65C6B /* calculatorUITests.swift */ = {isa = PBXFileReference; lastKnownFileType = sourcecode.swift; path = calculatorUITests.swift; sourceTree = "<group>"; };
		1F1E5BF62443A49B00F65C6B /* Info.plist */ = {isa = PBXFileReference; lastKnownFileType = text.plist.xml; path = Info.plist; sourceTree = "<group>"; };
/* End PBXFileReference section */

/* Begin PBXFrameworksBuildPhase section */
		1F1E5BCC2443A49A00F65C6B /* Frameworks */ = {
			isa = PBXFrameworksBuildPhase;
			buildActionMask = 2147483647;
			files = (
			);
			runOnlyForDeploymentPostprocessing = 0;
		};
		1F1E5BE22443A49B00F65C6B /* Frameworks */ = {
			isa = PBXFrameworksBuildPhase;
			buildActionMask = 2147483647;
			files = (
			);
			runOnlyForDeploymentPostprocessing = 0;
		};
		1F1E5BED2443A49B00F65C6B /* Frameworks */ = {
			isa = PBXFrameworksBuildPhase;
			buildActionMask = 2147483647;
			files = (
			);
			runOnlyForDeploymentPostprocessing = 0;
		};
/* End PBXFrameworksBuildPhase section */

/* Begin PBXGroup section */
		1F1E5BC62443A49A00F65C6B = {
			isa = PBXGroup;
			children = (
				1F1E5BD12443A49A00F65C6B /* calculator */,
				1F1E5BE82443A49B00F65C6B /* calculatorTests */,
				1F1E5BF32443A49B00F65C6B /* calculatorUITests */,
				1F1E5BD02443A49A00F65C6B /* Products */,
			);
			sourceTree = "<group>";
		};
		1F1E5BD02443A49A00F65C6B /* Products */ = {
			isa = PBXGroup;
			children = (
				1F1E5BCF2443A49A00F65C6B /* Calculator.app */,
				1F1E5BE52443A49B00F65C6B /* calculatorTests.xctest */,
				1F1E5BF02443A49B00F65C6B /* calculatorUITests.xctest */,
			);
			name = Products;
			sourceTree = "<group>";
		};
		1F1E5BD12443A49A00F65C6B /* calculator */ = {
			isa = PBXGroup;
			children = (
				1F1E5BD22443A49A00F65C6B /* AppDelegate.swift */,
				1F1E5BD42443A49A00F65C6B /* SceneDelegate.swift */,
				1F1E5BD62443A49A00F65C6B /* ViewController.swift */,
				1F1E5BD82443A49A00F65C6B /* Main.storyboard */,
				1F1E5BDB2443A49B00F65C6B /* Assets.xcassets */,
				1F1E5BDD2443A49B00F65C6B /* LaunchScreen.storyboard */,
				1F1E5BE02443A49B00F65C6B /* Info.plist */,
			);
			path = calculator;
			sourceTree = "<group>";
		};
		1F1E5BE82443A49B00F65C6B /* calculatorTests */ = {
			isa = PBXGroup;
			children = (
				1F1E5BE92443A49B00F65C6B /* calculatorTests.swift */,
				1F1E5BEB2443A49B00F65C6B /* Info.plist */,
			);
			path = calculatorTests;
			sourceTree = "<group>";
		};
		1F1E5BF32443A49B00F65C6B /* calculatorUITests */ = {
			isa = PBXGroup;
			children = (
				1F1E5BF42443A49B00F65C6B /* calculatorUITests.swift */,
				1F1E5BF62443A49B00F65C6B /* Info.plist */,
			);
			path = calculatorUITests;
			sourceTree = "<group>";
		};
/* End PBXGroup section */

/* Begin PBXNativeTarget section */
		1F1E5BCE2443A49A00F65C6B /* calculator */ = {
			isa = PBXNativeTarget;
			buildConfigurationList = 1F1E5BF92443A49B00F65C6B /* Build configuration list for PBXNativeTarget "calculator" */;
			buildPhases = (
				1F1E5BCB2443A49A00F65C6B /* Sources */,
				1F1E5BCC2443A49A00F65C6B /* Frameworks */,
				1F1E5BCD2443A49A00F65C6B /* Resources */,
			);
			buildRules = (
			);
			dependencies = (
			);
			name = calculator;
			productName = calculator;
			productReference = 1F1E5BCF2443A49A00F65C6B /* Calculator.app */;
			productType = "com.apple.product-type.application";
		};
		1F1E5BE42443A49B00F65C6B /* calculatorTests */ = {
			isa = PBXNativeTarget;
			buildConfigurationList = 1F1E5BFC2443A49B00F65C6B /* Build configuration list for PBXNativeTarget "calculatorTests" */;
			buildPhases = (
				1F1E5BE12443A49B00F65C6B /* Sources */,
				1F1E5BE22443A49B00F65C6B /* Frameworks */,
				1F1E5BE32443A49B00F65C6B /* Resources */,
			);
			buildRules = (
			);
			dependencies = (
				1F1E5BE72443A49B00F65C6B /* PBXTargetDependency */,
			);
			name = calculatorTests;
			productName = calculatorTests;
			productReference = 1F1E5BE52443A49B00F65C6B /* calculatorTests.xctest */;
			productType = "com.apple.product-type.bundle.unit-test";
		};
		1F1E5BEF2443A49B00F65C6B /* calculatorUITests */ = {
			isa = PBXNativeTarget;
			buildConfigurationList = 1F1E5BFF2443A49B00F65C6B /* Build configuration list for PBXNativeTarget "calculatorUITests" */;
			buildPhases = (
				1F1E5BEC2443A49B00F65C6B /* Sources */,
				1F1E5BED2443A49B00F65C6B /* Frameworks */,
				1F1E5BEE2443A49B00F65C6B /* Resources */,
			);
			buildRules = (
			);
			dependencies = (
				1F1E5BF22443A49B00F65C6B /* PBXTargetDependency */,
			);
			name = calculatorUITests;
			productName = calculatorUITests;
			productReference = 1F1E5BF02443A49B00F65C6B /* calculatorUITests.xctest */;
			productType = "com.apple.product-type.bundle.ui-testing";
		};
/* End PBXNativeTarget section */

/* Begin PBXProject section */
		1F1E5BC72443A49A00F65C6B /* Project object */ = {
			isa = PBXProject;
			attributes = {
				LastSwiftUpdateCheck = 1130;
				LastUpgradeCheck = 1130;
				TargetAttributes = {
					1F1E5BCE2443A49A00F65C6B = {
						CreatedOnToolsVersion = 11.3.1;
					};
					1F1E5BE42443A49B00F65C6B = {
						CreatedOnToolsVersion = 11.3.1;
						TestTargetID = 1F1E5BCE2443A49A00F65C6B;
					};
					1F1E5BEF2443A49B00F65C6B = {
						CreatedOnToolsVersion = 11.3.1;
						TestTargetID = 1F1E5BCE2443A49A00F65C6B;
					};
				};
			};
			buildConfigurationList = 1F1E5BCA2443A49A00F65C6B /* Build configuration list for PBXProject "calculator" */;
			compatibilityVersion = "Xcode 9.3";
			developmentRegion = en;
			hasScannedForEncodings = 0;
			knownRegions = (
				en,
				Base,
			);
			mainGroup = 1F1E5BC62443A49A00F65C6B;
			productRefGroup = 1F1E5BD02443A49A00F65C6B /* Products */;
			projectDirPath = "";
			projectRoot = "";
			targets = (
				1F1E5BCE2443A49A00F65C6B /* calculator */,
				1F1E5BE42443A49B00F65C6B /* calculatorTests */,
				1F1E5BEF2443A49B00F65C6B /* calculatorUITests */,
			);
		};
/* End PBXProject section */

/* Begin PBXResourcesBuildPhase section */
		1F1E5BCD2443A49A00F65C6B /* Resources */ = {
			isa = PBXResourcesBuildPhase;
			buildActionMask = 2147483647;
			files = (
				1F1E5BDF2443A49B00F65C6B /* LaunchScreen.storyboard in Resources */,
				1F1E5BDC2443A49B00F65C6B /* Assets.xcassets in Resources */,
				1F1E5BDA2443A49A00F65C6B /* Main.storyboard in Resources */,
			);
			runOnlyForDeploymentPostprocessing = 0;
		};
		1F1E5BE32443A49B00F65C6B /* Resources */ = {
			isa = PBXResourcesBuildPhase;
			buildActionMask = 2147483647;
			files = (
			);
			runOnlyForDeploymentPostprocessing = 0;
		};
		1F1E5BEE2443A49B00F65C6B /* Resources */ = {
			isa = PBXResourcesBuildPhase;
			buildActionMask = 2147483647;
			files = (
			);
			runOnlyForDeploymentPostprocessing = 0;
		};
/* End PBXResourcesBuildPhase section */

/* Begin PBXSourcesBuildPhase section */
		1F1E5BCB2443A49A00F65C6B /* Sources */ = {
			isa = PBXSourcesBuildPhase;
			buildActionMask = 2147483647;
			files = (
				1F1E5BD72443A49A00F65C6B /* ViewController.swift in Sources */,
				1F1E5BD32443A49A00F65C6B /* AppDelegate.swift in Sources */,
				1F1E5BD52443A49A00F65C6B /* SceneDelegate.swift in Sources */,
			);
			runOnlyForDeploymentPostprocessing = 0;
		};
		1F1E5BE12443A49B00F65C6B /* Sources */ = {
			isa = PBXSourcesBuildPhase;
			buildActionMask = 2147483647;
			files = (
				1F1E5BEA2443A49B00F65C6B /* calculatorTests.swift in Sources */,
			);
			runOnlyForDeploymentPostprocessing = 0;
		};
		1F1E5BEC2443A49B00F65C6B /* Sources */ = {
			isa = PBXSourcesBuildPhase;
			buildActionMask = 2147483647;
			files = (
				1F1E5BF52443A49B00F65C6B /* calculatorUITests.swift in Sources */,
			);
			runOnlyForDeploymentPostprocessing = 0;
		};
/* End PBXSourcesBuildPhase section */

/* Begin PBXTargetDependency section */
		1F1E5BE72443A49B00F65C6B /* PBXTargetDependency */ = {
			isa = PBXTargetDependency;
			target = 1F1E5BCE2443A49A00F65C6B /* calculator */;
			targetProxy = 1F1E5BE62443A49B00F65C6B /* PBXContainerItemProxy */;
		};
		1F1E5BF22443A49B00F65C6B /* PBXTargetDependency */ = {
			isa = PBXTargetDependency;
			target = 1F1E5BCE2443A49A00F65C6B /* calculator */;
			targetProxy = 1F1E5BF12443A49B00F65C6B /* PBXContainerItemProxy */;
		};
/* End PBXTargetDependency section */

/* Begin PBXVariantGroup section */
		1F1E5BD82443A49A00F65C6B /* Main.storyboard */ = {
			isa = PBXVariantGroup;
			children = (
				1F1E5BD92443A49A00F65C6B /* Base */,
			);
			name = Main.storyboard;
			sourceTree = "<group>";
		};
		1F1E5BDD2443A49B00F65C6B /* LaunchScreen.storyboard */ = {
			isa = PBXVariantGroup;
			children = (
				1F1E5BDE2443A49B00F65C6B /* Base */,
			);
			name = LaunchScreen.storyboard;
			sourceTree = "<group>";
		};
/* End PBXVariantGroup section */

/* Begin XCBuildConfiguration section */
		1F1E5BF72443A49B00F65C6B /* Debug */ = {
			isa = XCBuildConfiguration;
			buildSettings = {
				ALWAYS_SEARCH_USER_PATHS = NO;
				CLANG_ANALYZER_NONNULL = YES;
				CLANG_ANALYZER_NUMBER_OBJECT_CONVERSION = YES_AGGRESSIVE;
				CLANG_CXX_LANGUAGE_STANDARD = "gnu++14";
				CLANG_CXX_LIBRARY = "libc++";
				CLANG_ENABLE_MODULES = YES;
				CLANG_ENABLE_OBJC_ARC = YES;
				CLANG_ENABLE_OBJC_WEAK = YES;
				CLANG_WARN_BLOCK_CAPTURE_AUTORELEASING = YES;
				CLANG_WARN_BOOL_CONVERSION = YES;
				CLANG_WARN_COMMA = YES;
				CLANG_WARN_CONSTANT_CONVERSION = YES;
				CLANG_WARN_DEPRECATED_OBJC_IMPLEMENTATIONS = YES;
				CLANG_WARN_DIRECT_OBJC_ISA_USAGE = YES_ERROR;
				CLANG_WARN_DOCUMENTATION_COMMENTS = YES;
				CLANG_WARN_EMPTY_BODY = YES;
				CLANG_WARN_ENUM_CONVERSION = YES;
				CLANG_WARN_INFINITE_RECURSION = YES;
				CLANG_WARN_INT_CONVERSION = YES;
				CLANG_WARN_NON_LITERAL_NULL_CONVERSION = YES;
				CLANG_WARN_OBJC_IMPLICIT_RETAIN_SELF = YES;
				CLANG_WARN_OBJC_LITERAL_CONVERSION = YES;
				CLANG_WARN_OBJC_ROOT_CLASS = YES_ERROR;
				CLANG_WARN_RANGE_LOOP_ANALYSIS = YES;
				CLANG_WARN_STRICT_PROTOTYPES = YES;
				CLANG_WARN_SUSPICIOUS_MOVE = YES;
				CLANG_WARN_UNGUARDED_AVAILABILITY = YES_AGGRESSIVE;
				CLANG_WARN_UNREACHABLE_CODE = YES;
				CLANG_WARN__DUPLICATE_METHOD_MATCH = YES;
				COPY_PHASE_STRIP = NO;
				DEBUG_INFORMATION_FORMAT = dwarf;
				ENABLE_STRICT_OBJC_MSGSEND = YES;
				ENABLE_TESTABILITY = YES;
				GCC_C_LANGUAGE_STANDARD = gnu11;
				GCC_DYNAMIC_NO_PIC = NO;
				GCC_NO_COMMON_BLOCKS = YES;
				GCC_OPTIMIZATION_LEVEL = 0;
				GCC_PREPROCESSOR_DEFINITIONS = (
					"DEBUG=1",
					"$(inherited)",
				);
				GCC_WARN_64_TO_32_BIT_CONVERSION = YES;
				GCC_WARN_ABOUT_RETURN_TYPE = YES_ERROR;
				GCC_WARN_UNDECLARED_SELECTOR = YES;
				GCC_WARN_UNINITIALIZED_AUTOS = YES_AGGRESSIVE;
				GCC_WARN_UNUSED_FUNCTION = YES;
				GCC_WARN_UNUSED_VARIABLE = YES;
				IPHONEOS_DEPLOYMENT_TARGET = 13.2;
				MTL_ENABLE_DEBUG_INFO = INCLUDE_SOURCE;
				MTL_FAST_MATH = YES;
				ONLY_ACTIVE_ARCH = YES;
				SDKROOT = iphoneos;
				SWIFT_ACTIVE_COMPILATION_CONDITIONS = DEBUG;
				SWIFT_OPTIMIZATION_LEVEL = "-Onone";
			};
			name = Debug;
		};
		1F1E5BF82443A49B00F65C6B /* Release */ = {
			isa = XCBuildConfiguration;
			buildSettings = {
				ALWAYS_SEARCH_USER_PATHS = NO;
				CLANG_ANALYZER_NONNULL = YES;
				CLANG_ANALYZER_NUMBER_OBJECT_CONVERSION = YES_AGGRESSIVE;
				CLANG_CXX_LANGUAGE_STANDARD = "gnu++14";
				CLANG_CXX_LIBRARY = "libc++";
				CLANG_ENABLE_MODULES = YES;
				CLANG_ENABLE_OBJC_ARC = YES;
				CLANG_ENABLE_OBJC_WEAK = YES;
				CLANG_WARN_BLOCK_CAPTURE_AUTORELEASING = YES;
				CLANG_WARN_BOOL_CONVERSION = YES;
				CLANG_WARN_COMMA = YES;
				CLANG_WARN_CONSTANT_CONVERSION = YES;
				CLANG_WARN_DEPRECATED_OBJC_IMPLEMENTATIONS = YES;
				CLANG_WARN_DIRECT_OBJC_ISA_USAGE = YES_ERROR;
				CLANG_WARN_DOCUMENTATION_COMMENTS = YES;
				CLANG_WARN_EMPTY_BODY = YES;
				CLANG_WARN_ENUM_CONVERSION = YES;
				CLANG_WARN_INFINITE_RECURSION = YES;
				CLANG_WARN_INT_CONVERSION = YES;
				CLANG_WARN_NON_LITERAL_NULL_CONVERSION = YES;
				CLANG_WARN_OBJC_IMPLICIT_RETAIN_SELF = YES;
				CLANG_WARN_OBJC_LITERAL_CONVERSION = YES;
				CLANG_WARN_OBJC_ROOT_CLASS = YES_ERROR;
				CLANG_WARN_RANGE_LOOP_ANALYSIS = YES;
				CLANG_WARN_STRICT_PROTOTYPES = YES;
				CLANG_WARN_SUSPICIOUS_MOVE = YES;
				CLANG_WARN_UNGUARDED_AVAILABILITY = YES_AGGRESSIVE;
				CLANG_WARN_UNREACHABLE_CODE = YES;
				CLANG_WARN__DUPLICATE_METHOD_MATCH = YES;
				COPY_PHASE_STRIP = NO;
				DEBUG_INFORMATION_FORMAT = "dwarf-with-dsym";
				ENABLE_NS_ASSERTIONS = NO;
				ENABLE_STRICT_OBJC_MSGSEND = YES;
				GCC_C_LANGUAGE_STANDARD = gnu11;
				GCC_NO_COMMON_BLOCKS = YES;
				GCC_WARN_64_TO_32_BIT_CONVERSION = YES;
				GCC_WARN_ABOUT_RETURN_TYPE = YES_ERROR;
				GCC_WARN_UNDECLARED_SELECTOR = YES;
				GCC_WARN_UNINITIALIZED_AUTOS = YES_AGGRESSIVE;
				GCC_WARN_UNUSED_FUNCTION = YES;
				GCC_WARN_UNUSED_VARIABLE = YES;
				IPHONEOS_DEPLOYMENT_TARGET = 13.2;
				MTL_ENABLE_DEBUG_INFO = NO;
				MTL_FAST_MATH = YES;
				SDKROOT = iphoneos;
				SWIFT_COMPILATION_MODE = wholemodule;
				SWIFT_OPTIMIZATION_LEVEL = "-O";
				VALIDATE_PRODUCT = YES;
			};
			name = Release;
		};
		1F1E5BFA2443A49B00F65C6B /* Debug */ = {
			isa = XCBuildConfiguration;
			buildSettings = {
				ASSETCATALOG_COMPILER_APPICON_NAME = AppIcon;
				CODE_SIGN_STYLE = Automatic;
				INFOPLIST_FILE = calculator/Info.plist;
				LD_RUNPATH_SEARCH_PATHS = (
					"$(inherited)",
					"@executable_path/Frameworks",
				);
				PRODUCT_BUNDLE_IDENTIFIER = edu.calculator;
				PRODUCT_NAME = Calculator;
				SWIFT_VERSION = 5.0;
				TARGETED_DEVICE_FAMILY = 1;
			};
			name = Debug;
		};
		1F1E5BFB2443A49B00F65C6B /* Release */ = {
			isa = XCBuildConfiguration;
			buildSettings = {
				ASSETCATALOG_COMPILER_APPICON_NAME = AppIcon;
				CODE_SIGN_STYLE = Automatic;
				INFOPLIST_FILE = calculator/Info.plist;
				LD_RUNPATH_SEARCH_PATHS = (
					"$(inherited)",
					"@executable_path/Frameworks",
				);
				PRODUCT_BUNDLE_IDENTIFIER = edu.calculator;
				PRODUCT_NAME = Calculator;
				SWIFT_VERSION = 5.0;
				TARGETED_DEVICE_FAMILY = 1;
			};
			name = Release;
		};
		1F1E5BFD2443A49B00F65C6B /* Debug */ = {
			isa = XCBuildConfiguration;
			buildSettings = {
				ALWAYS_EMBED_SWIFT_STANDARD_LIBRARIES = YES;
				BUNDLE_LOADER = "$(TEST_HOST)";
				CODE_SIGN_STYLE = Automatic;
				INFOPLIST_FILE = calculatorTests/Info.plist;
				IPHONEOS_DEPLOYMENT_TARGET = 13.2;
				LD_RUNPATH_SEARCH_PATHS = (
					"$(inherited)",
					"@executable_path/Frameworks",
					"@loader_path/Frameworks",
				);
				PRODUCT_BUNDLE_IDENTIFIER = edu.self.calculatorTests;
				PRODUCT_NAME = "$(TARGET_NAME)";
				SWIFT_VERSION = 5.0;
				TARGETED_DEVICE_FAMILY = "1,2";
				TEST_HOST = "$(BUILT_PRODUCTS_DIR)/calculator.app/calculator";
			};
			name = Debug;
		};
		1F1E5BFE2443A49B00F65C6B /* Release */ = {
			isa = XCBuildConfiguration;
			buildSettings = {
				ALWAYS_EMBED_SWIFT_STANDARD_LIBRARIES = YES;
				BUNDLE_LOADER = "$(TEST_HOST)";
				CODE_SIGN_STYLE = Automatic;
				INFOPLIST_FILE = calculatorTests/Info.plist;
				IPHONEOS_DEPLOYMENT_TARGET = 13.2;
				LD_RUNPATH_SEARCH_PATHS = (
					"$(inherited)",
					"@executable_path/Frameworks",
					"@loader_path/Frameworks",
				);
				PRODUCT_BUNDLE_IDENTIFIER = edu.self.calculatorTests;
				PRODUCT_NAME = "$(TARGET_NAME)";
				SWIFT_VERSION = 5.0;
				TARGETED_DEVICE_FAMILY = "1,2";
				TEST_HOST = "$(BUILT_PRODUCTS_DIR)/calculator.app/calculator";
			};
			name = Release;
		};
		1F1E5C002443A49B00F65C6B /* Debug */ = {
			isa = XCBuildConfiguration;
			buildSettings = {
				ALWAYS_EMBED_SWIFT_STANDARD_LIBRARIES = YES;
				CODE_SIGN_STYLE = Automatic;
				INFOPLIST_FILE = calculatorUITests/Info.plist;
				LD_RUNPATH_SEARCH_PATHS = (
					"$(inherited)",
					"@executable_path/Frameworks",
					"@loader_path/Frameworks",
				);
				PRODUCT_BUNDLE_IDENTIFIER = edu.self.calculatorUITests;
				PRODUCT_NAME = "$(TARGET_NAME)";
				SWIFT_VERSION = 5.0;
				TARGETED_DEVICE_FAMILY = "1,2";
				TEST_TARGET_NAME = calculator;
			};
			name = Debug;
		};
		1F1E5C012443A49B00F65C6B /* Release */ = {
			isa = XCBuildConfiguration;
			buildSettings = {
				ALWAYS_EMBED_SWIFT_STANDARD_LIBRARIES = YES;
				CODE_SIGN_STYLE = Automatic;
				INFOPLIST_FILE = calculatorUITests/Info.plist;
				LD_RUNPATH_SEARCH_PATHS = (
					"$(inherited)",
					"@executable_path/Frameworks",
					"@loader_path/Frameworks",
				);
				PRODUCT_BUNDLE_IDENTIFIER = edu.self.calculatorUITests;
				PRODUCT_NAME = "$(TARGET_NAME)";
				SWIFT_VERSION = 5.0;
				TARGETED_DEVICE_FAMILY = "1,2";
				TEST_TARGET_NAME = calculator;
			};
			name = Release;
		};
/* End XCBuildConfiguration section */

/* Begin XCConfigurationList section */
		1F1E5BCA2443A49A00F65C6B /* Build configuration list for PBXProject "calculator" */ = {
			isa = XCConfigurationList;
			buildConfigurations = (
				1F1E5BF72443A49B00F65C6B /* Debug */,
				1F1E5BF82443A49B00F65C6B /* Release */,
			);
			defaultConfigurationIsVisible = 0;
			defaultConfigurationName = Release;
		};
		1F1E5BF92443A49B00F65C6B /* Build configuration list for PBXNativeTarget "calculator" */ = {
			isa = XCConfigurationList;
			buildConfigurations = (
				1F1E5BFA2443A49B00F65C6B /* Debug */,
				1F1E5BFB2443A49B00F65C6B /* Release */,
			);
			defaultConfigurationIsVisible = 0;
			defaultConfigurationName = Release;
		};
		1F1E5BFC2443A49B00F65C6B /* Build configuration list for PBXNativeTarget "calculatorTests" */ = {
			isa = XCConfigurationList;
			buildConfigurations = (
				1F1E5BFD2443A49B00F65C6B /* Debug */,
				1F1E5BFE2443A49B00F65C6B /* Release */,
			);
			defaultConfigurationIsVisible = 0;
			defaultConfigurationName = Release;
		};
		1F1E5BFF2443A49B00F65C6B /* Build configuration list for PBXNativeTarget "calculatorUITests" */ = {
			isa = XCConfigurationList;
			buildConfigurations = (
				1F1E5C002443A49B00F65C6B /* Debug */,
				1F1E5C012443A49B00F65C6B /* Release */,
			);
			defaultConfigurationIsVisible = 0;
			defaultConfigurationName = Release;
		};
/* End XCConfigurationList section */
	};
	rootObject = 1F1E5BC72443A49A00F65C6B /* Project object */;
}
